
Microsoft Visual Studio Solution File, Format Version 12.00
# Visual Studio 15
VisualStudioVersion = 15.0.28307.102
MinimumVisualStudioVersion = 10.0.40219.1
Project("{FAE04EC0-301F-11D3-BF4B-00C04F79EFBC}") = "Interface", "projProjetos\Interface.csproj", "{6929089F-D844-4AB8-8E6B-EA278C602F68}"
EndProject
Project("{FAE04EC0-301F-11D3-BF4B-00C04F79EFBC}") = "RegraNegocio", "RegraNegocio\RegraNegocio.csproj", "{C97E8E13-01B5-465F-B398-7251418545BD}"
EndProject
Project("{FAE04EC0-301F-11D3-BF4B-00C04F79EFBC}") = "EFDados", "EntityFramework\EFDados.csproj", "{B1D79897-68AA-4EDE-9FB7-8AC097312F33}"
EndProject
Project("{FAE04EC0-301F-11D3-BF4B-00C04F79EFBC}") = "SP3.Utils", "SP3.Utils\SP3.Utils.csproj", "{439FC999-4FC6-44B1-8429-520D69F654EF}"
EndProject
Global
	GlobalSection(SolutionConfigurationPlatforms) = preSolution
		Debug|Any CPU = Debug|Any CPU
		Release|Any CPU = Release|Any CPU
	EndGlobalSection
	GlobalSection(ProjectConfigurationPlatforms) = postSolution
		{6929089F-D844-4AB8-8E6B-EA278C602F68}.Debug|Any CPU.ActiveCfg = Debug|Any CPU
		{6929089F-D844-4AB8-8E6B-EA278C602F68}.Debug|Any CPU.Build.0 = Debug|Any CPU
		{6929089F-D844-4AB8-8E6B-EA278C602F68}.Release|Any CPU.ActiveCfg = Release|Any CPU
		{6929089F-D844-4AB8-8E6B-EA278C602F68}.Release|Any CPU.Build.0 = Release|Any CPU
		{C97E8E13-01B5-465F-B398-7251418545BD}.Debug|Any CPU.ActiveCfg = Debug|Any CPU
		{C97E8E13-01B5-465F-B398-7251418545BD}.Debug|Any CPU.Build.0 = Debug|Any CPU
		{C97E8E13-01B5-465F-B398-7251418545BD}.Release|Any CPU.ActiveCfg = Release|Any CPU
		{C97E8E13-01B5-465F-B398-7251418545BD}.Release|Any CPU.Build.0 = Release|Any CPU
		{B1D79897-68AA-4EDE-9FB7-8AC097312F33}.Debug|Any CPU.ActiveCfg = Debug|Any CPU
		{B1D79897-68AA-4EDE-9FB7-8AC097312F33}.Debug|Any CPU.Build.0 = Debug|Any CPU
		{B1D79897-68AA-4EDE-9FB7-8AC097312F33}.Release|Any CPU.ActiveCfg = Release|Any CPU
		{B1D79897-68AA-4EDE-9FB7-8AC097312F33}.Release|Any CPU.Build.0 = Release|Any CPU
		{439FC999-4FC6-44B1-8429-520D69F654EF}.Debug|Any CPU.ActiveCfg = Debug|Any CPU
		{439FC999-4FC6-44B1-8429-520D69F654EF}.Debug|Any CPU.Build.0 = Debug|Any CPU
		{439FC999-4FC6-44B1-8429-520D69F654EF}.Release|Any CPU.ActiveCfg = Release|Any CPU
		{439FC999-4FC6-44B1-8429-520D69F654EF}.Release|Any CPU.Build.0 = Release|Any CPU
	EndGlobalSection
	GlobalSection(SolutionProperties) = preSolution
		HideSolutionNode = FALSE
	EndGlobalSection
	GlobalSection(ExtensibilityGlobals) = postSolution
		SolutionGuid = {C417C280-E0E9-4F08-AFCE-5BAE573F56BC}
	EndGlobalSection
EndGlobal
